
Microsoft Visual Studio Solution File, Format Version 12.00
# Visual Studio Version 17
VisualStudioVersion = 17.3.32929.385
MinimumVisualStudioVersion = 10.0.40219.1
Project("{FAE04EC0-301F-11D3-BF4B-00C04F79EFBC}") = "ArqStudio", "ArqStudio\ArqStudio.csproj", "{F4C17C5E-126F-4445-A50A-566FF6501E56}"
EndProject
Global
	GlobalSection(SolutionConfigurationPlatforms) = preSolution
		Debug|Any CPU = Debug|Any CPU
		Release|Any CPU = Release|Any CPU
	EndGlobalSection
	GlobalSection(ProjectConfigurationPlatforms) = postSolution
		{F4C17C5E-126F-4445-A50A-566FF6501E56}.Debug|Any CPU.ActiveCfg = Debug|Any CPU
		{F4C17C5E-126F-4445-A50A-566FF6501E56}.Debug|Any CPU.Build.0 = Debug|Any CPU
		{F4C17C5E-126F-4445-A50A-566FF6501E56}.Release|Any CPU.ActiveCfg = Release|Any CPU
		{F4C17C5E-126F-4445-A50A-566FF6501E56}.Release|Any CPU.Build.0 = Release|Any CPU
	EndGlobalSection
	GlobalSection(SolutionProperties) = preSolution
		HideSolutionNode = FALSE
	EndGlobalSection
	GlobalSection(ExtensibilityGlobals) = postSolution
		SolutionGuid = {B89411BA-29B9-43B6-9F6D-2D39E97991A2}
	EndGlobalSection
EndGlobal
